
Microsoft Visual Studio Solution File, Format Version 12.00
# Visual Studio Version 17
VisualStudioVersion = 17.4.33205.214
MinimumVisualStudioVersion = 10.0.40219.1
Project("{9A19103F-16F7-4668-BE54-9A1E7A4F7556}") = "DependencyGraph", "DependencyGraph\DependencyGraph.csproj", "{8D5E8929-6A1E-42FF-994A-796B74719265}"
EndProject
Project("{9A19103F-16F7-4668-BE54-9A1E7A4F7556}") = "DependencyGraphTests", "DependencyGraphTests\DependencyGraphTests.csproj", "{A620D055-AC0B-4DF1-94B5-AA629821B3AE}"
EndProject
Project("{9A19103F-16F7-4668-BE54-9A1E7A4F7556}") = "TestMain", "TestMain\TestMain.csproj", "{1F82E3A9-8EB8-4867-9FC5-42704940E60A}"
EndProject
Project("{9A19103F-16F7-4668-BE54-9A1E7A4F7556}") = "Formula", "Formula\Formula.csproj", "{1712F4AF-06F8-4533-8306-E322403A67FB}"
EndProject
Project("{9A19103F-16F7-4668-BE54-9A1E7A4F7556}") = "FormulaTests", "FormulaTests\FormulaTests.csproj", "{3FB261BB-CE90-4BE6-8C15-E9FF7FABD6E4}"
EndProject
Project("{9A19103F-16F7-4668-BE54-9A1E7A4F7556}") = "Spreadsheet", "Spreadsheet\Spreadsheet.csproj", "{64F07AB3-CE57-414E-A1B5-3C70C93D5752}"
EndProject
Project("{FAE04EC0-301F-11D3-BF4B-00C04F79EFBC}") = "SpreadsheetTests", "SpreadsheetTests\SpreadsheetTests.csproj", "{2A538C2B-FF3B-494D-8FC4-DB6460E99E9D}"
EndProject
Global
	GlobalSection(SolutionConfigurationPlatforms) = preSolution
		Debug|Any CPU = Debug|Any CPU
		Release|Any CPU = Release|Any CPU
	EndGlobalSection
	GlobalSection(ProjectConfigurationPlatforms) = postSolution
		{8D5E8929-6A1E-42FF-994A-796B74719265}.Debug|Any CPU.ActiveCfg = Debug|Any CPU
		{8D5E8929-6A1E-42FF-994A-796B74719265}.Debug|Any CPU.Build.0 = Debug|Any CPU
		{8D5E8929-6A1E-42FF-994A-796B74719265}.Release|Any CPU.ActiveCfg = Release|Any CPU
		{8D5E8929-6A1E-42FF-994A-796B74719265}.Release|Any CPU.Build.0 = Release|Any CPU
		{A620D055-AC0B-4DF1-94B5-AA629821B3AE}.Debug|Any CPU.ActiveCfg = Debug|Any CPU
		{A620D055-AC0B-4DF1-94B5-AA629821B3AE}.Debug|Any CPU.Build.0 = Debug|Any CPU
		{A620D055-AC0B-4DF1-94B5-AA629821B3AE}.Release|Any CPU.ActiveCfg = Release|Any CPU
		{A620D055-AC0B-4DF1-94B5-AA629821B3AE}.Release|Any CPU.Build.0 = Release|Any CPU
		{1F82E3A9-8EB8-4867-9FC5-42704940E60A}.Debug|Any CPU.ActiveCfg = Debug|Any CPU
		{1F82E3A9-8EB8-4867-9FC5-42704940E60A}.Debug|Any CPU.Build.0 = Debug|Any CPU
		{1F82E3A9-8EB8-4867-9FC5-42704940E60A}.Release|Any CPU.ActiveCfg = Release|Any CPU
		{1F82E3A9-8EB8-4867-9FC5-42704940E60A}.Release|Any CPU.Build.0 = Release|Any CPU
		{1712F4AF-06F8-4533-8306-E322403A67FB}.Debug|Any CPU.ActiveCfg = Debug|Any CPU
		{1712F4AF-06F8-4533-8306-E322403A67FB}.Debug|Any CPU.Build.0 = Debug|Any CPU
		{1712F4AF-06F8-4533-8306-E322403A67FB}.Release|Any CPU.ActiveCfg = Release|Any CPU
		{1712F4AF-06F8-4533-8306-E322403A67FB}.Release|Any CPU.Build.0 = Release|Any CPU
		{3FB261BB-CE90-4BE6-8C15-E9FF7FABD6E4}.Debug|Any CPU.ActiveCfg = Debug|Any CPU
		{3FB261BB-CE90-4BE6-8C15-E9FF7FABD6E4}.Debug|Any CPU.Build.0 = Debug|Any CPU
		{3FB261BB-CE90-4BE6-8C15-E9FF7FABD6E4}.Release|Any CPU.ActiveCfg = Release|Any CPU
		{3FB261BB-CE90-4BE6-8C15-E9FF7FABD6E4}.Release|Any CPU.Build.0 = Release|Any CPU
		{64F07AB3-CE57-414E-A1B5-3C70C93D5752}.Debug|Any CPU.ActiveCfg = Debug|Any CPU
		{64F07AB3-CE57-414E-A1B5-3C70C93D5752}.Debug|Any CPU.Build.0 = Debug|Any CPU
		{64F07AB3-CE57-414E-A1B5-3C70C93D5752}.Release|Any CPU.ActiveCfg = Release|Any CPU
		{64F07AB3-CE57-414E-A1B5-3C70C93D5752}.Release|Any CPU.Build.0 = Release|Any CPU
		{2A538C2B-FF3B-494D-8FC4-DB6460E99E9D}.Debug|Any CPU.ActiveCfg = Debug|Any CPU
		{2A538C2B-FF3B-494D-8FC4-DB6460E99E9D}.Debug|Any CPU.Build.0 = Debug|Any CPU
		{2A538C2B-FF3B-494D-8FC4-DB6460E99E9D}.Release|Any CPU.ActiveCfg = Release|Any CPU
		{2A538C2B-FF3B-494D-8FC4-DB6460E99E9D}.Release|Any CPU.Build.0 = Release|Any CPU
	EndGlobalSection
	GlobalSection(SolutionProperties) = preSolution
		HideSolutionNode = FALSE
	EndGlobalSection
	GlobalSection(ExtensibilityGlobals) = postSolution
		SolutionGuid = {AD85AF00-088E-4BB8-B4ED-EA064627B0DD}
	EndGlobalSection
EndGlobal
